
Microsoft Visual Studio Solution File, Format Version 12.00
# Visual Studio Version 16
VisualStudioVersion = 16.0.30611.23
MinimumVisualStudioVersion = 10.0.40219.1
Project("{9A19103F-16F7-4668-BE54-9A1E7A4F7556}") = "FinalProjetTestOne", "FinalProjetTestOne\FinalProjetTestOne.csproj", "{75D68A4F-F84D-4F03-88E0-55751289C71E}"
EndProject
Global
	GlobalSection(SolutionConfigurationPlatforms) = preSolution
		Debug|Any CPU = Debug|Any CPU
		Release|Any CPU = Release|Any CPU
	EndGlobalSection
	GlobalSection(ProjectConfigurationPlatforms) = postSolution
		{75D68A4F-F84D-4F03-88E0-55751289C71E}.Debug|Any CPU.ActiveCfg = Debug|Any CPU
		{75D68A4F-F84D-4F03-88E0-55751289C71E}.Debug|Any CPU.Build.0 = Debug|Any CPU
		{75D68A4F-F84D-4F03-88E0-55751289C71E}.Release|Any CPU.ActiveCfg = Release|Any CPU
		{75D68A4F-F84D-4F03-88E0-55751289C71E}.Release|Any CPU.Build.0 = Release|Any CPU
	EndGlobalSection
	GlobalSection(SolutionProperties) = preSolution
		HideSolutionNode = FALSE
	EndGlobalSection
	GlobalSection(ExtensibilityGlobals) = postSolution
		SolutionGuid = {57854236-F904-4C2D-9D6D-AC5F5DDD711F}
	EndGlobalSection
EndGlobal
